
Microsoft Visual Studio Solution File, Format Version 12.00
# Visual Studio Version 17
VisualStudioVersion = 17.8.34330.188
MinimumVisualStudioVersion = 10.0.40219.1
Project("{FAE04EC0-301F-11D3-BF4B-00C04F79EFBC}") = "Dec19Work", "Dec19Work\Dec19Work.csproj", "{95597404-08CC-4CA1-A9EE-E0714FA2C131}"
EndProject
Global
	GlobalSection(SolutionConfigurationPlatforms) = preSolution
		Debug|Any CPU = Debug|Any CPU
		Release|Any CPU = Release|Any CPU
	EndGlobalSection
	GlobalSection(ProjectConfigurationPlatforms) = postSolution
		{95597404-08CC-4CA1-A9EE-E0714FA2C131}.Debug|Any CPU.ActiveCfg = Debug|Any CPU
		{95597404-08CC-4CA1-A9EE-E0714FA2C131}.Debug|Any CPU.Build.0 = Debug|Any CPU
		{95597404-08CC-4CA1-A9EE-E0714FA2C131}.Release|Any CPU.ActiveCfg = Release|Any CPU
		{95597404-08CC-4CA1-A9EE-E0714FA2C131}.Release|Any CPU.Build.0 = Release|Any CPU
	EndGlobalSection
	GlobalSection(SolutionProperties) = preSolution
		HideSolutionNode = FALSE
	EndGlobalSection
	GlobalSection(ExtensibilityGlobals) = postSolution
		SolutionGuid = {B17A75E9-D9DD-4D96-9E7C-F62E846A6A7D}
	EndGlobalSection
EndGlobal
